
Microsoft Visual Studio Solution File, Format Version 12.00
# Visual Studio 15
VisualStudioVersion = 15.0.27130.2027
MinimumVisualStudioVersion = 10.0.40219.1
Project("{9A19103F-16F7-4668-BE54-9A1E7A4F7556}") = "CustomerList", "CustomerList\CustomerList.csproj", "{1D8BF5A4-FAAB-467A-B3FD-8BF5CA0CF6E1}"
EndProject
Project("{2150E333-8FDC-42A3-9474-1A3956D46DE8}") = "Auth", "Auth", "{774BB661-1A08-4012-9210-25DD5A8DB8EB}"
EndProject
Project("{9A19103F-16F7-4668-BE54-9A1E7A4F7556}") = "WebApi", "CustomerListAuth\WebApi.csproj", "{BC26742D-0846-4AE9-872A-32C7A6BD4CEA}"
EndProject
Project("{9A19103F-16F7-4668-BE54-9A1E7A4F7556}") = "CustomerList.Model", "CustomerList.Model\CustomerList.Model.csproj", "{A139BD84-19CC-4EE8-AD2E-CEFD6694CA9F}"
EndProject
Project("{9A19103F-16F7-4668-BE54-9A1E7A4F7556}") = "CustomerList.Business", "CustomerList.Business\CustomerList.Business.csproj", "{8C2F91D3-3EDC-483B-9013-74A32A315C59}"
EndProject
Project("{9A19103F-16F7-4668-BE54-9A1E7A4F7556}") = "CustomerList.Data", "CustomerList.Data\CustomerList.Data.csproj", "{BF874F33-7D95-4B08-99F2-1E38E6B2E72A}"
EndProject
Project("{FAE04EC0-301F-11D3-BF4B-00C04F79EFBC}") = "CustomerList.Utils", "CustomerList.Utils\CustomerList.Utils.csproj", "{0938D951-6BC5-40AB-AB28-E805E5C3C9FA}"
EndProject
Global
	GlobalSection(SolutionConfigurationPlatforms) = preSolution
		Debug|Any CPU = Debug|Any CPU
		Release|Any CPU = Release|Any CPU
	EndGlobalSection
	GlobalSection(ProjectConfigurationPlatforms) = postSolution
		{1D8BF5A4-FAAB-467A-B3FD-8BF5CA0CF6E1}.Debug|Any CPU.ActiveCfg = Debug|Any CPU
		{1D8BF5A4-FAAB-467A-B3FD-8BF5CA0CF6E1}.Debug|Any CPU.Build.0 = Debug|Any CPU
		{1D8BF5A4-FAAB-467A-B3FD-8BF5CA0CF6E1}.Release|Any CPU.ActiveCfg = Release|Any CPU
		{1D8BF5A4-FAAB-467A-B3FD-8BF5CA0CF6E1}.Release|Any CPU.Build.0 = Release|Any CPU
		{BC26742D-0846-4AE9-872A-32C7A6BD4CEA}.Debug|Any CPU.ActiveCfg = Debug|Any CPU
		{BC26742D-0846-4AE9-872A-32C7A6BD4CEA}.Debug|Any CPU.Build.0 = Debug|Any CPU
		{BC26742D-0846-4AE9-872A-32C7A6BD4CEA}.Release|Any CPU.ActiveCfg = Release|Any CPU
		{BC26742D-0846-4AE9-872A-32C7A6BD4CEA}.Release|Any CPU.Build.0 = Release|Any CPU
		{A139BD84-19CC-4EE8-AD2E-CEFD6694CA9F}.Debug|Any CPU.ActiveCfg = Debug|Any CPU
		{A139BD84-19CC-4EE8-AD2E-CEFD6694CA9F}.Debug|Any CPU.Build.0 = Debug|Any CPU
		{A139BD84-19CC-4EE8-AD2E-CEFD6694CA9F}.Release|Any CPU.ActiveCfg = Release|Any CPU
		{A139BD84-19CC-4EE8-AD2E-CEFD6694CA9F}.Release|Any CPU.Build.0 = Release|Any CPU
		{8C2F91D3-3EDC-483B-9013-74A32A315C59}.Debug|Any CPU.ActiveCfg = Debug|Any CPU
		{8C2F91D3-3EDC-483B-9013-74A32A315C59}.Debug|Any CPU.Build.0 = Debug|Any CPU
		{8C2F91D3-3EDC-483B-9013-74A32A315C59}.Release|Any CPU.ActiveCfg = Release|Any CPU
		{8C2F91D3-3EDC-483B-9013-74A32A315C59}.Release|Any CPU.Build.0 = Release|Any CPU
		{BF874F33-7D95-4B08-99F2-1E38E6B2E72A}.Debug|Any CPU.ActiveCfg = Debug|Any CPU
		{BF874F33-7D95-4B08-99F2-1E38E6B2E72A}.Debug|Any CPU.Build.0 = Debug|Any CPU
		{BF874F33-7D95-4B08-99F2-1E38E6B2E72A}.Release|Any CPU.ActiveCfg = Release|Any CPU
		{BF874F33-7D95-4B08-99F2-1E38E6B2E72A}.Release|Any CPU.Build.0 = Release|Any CPU
		{0938D951-6BC5-40AB-AB28-E805E5C3C9FA}.Debug|Any CPU.ActiveCfg = Debug|Any CPU
		{0938D951-6BC5-40AB-AB28-E805E5C3C9FA}.Debug|Any CPU.Build.0 = Debug|Any CPU
		{0938D951-6BC5-40AB-AB28-E805E5C3C9FA}.Release|Any CPU.ActiveCfg = Release|Any CPU
		{0938D951-6BC5-40AB-AB28-E805E5C3C9FA}.Release|Any CPU.Build.0 = Release|Any CPU
	EndGlobalSection
	GlobalSection(SolutionProperties) = preSolution
		HideSolutionNode = FALSE
	EndGlobalSection
	GlobalSection(NestedProjects) = preSolution
		{BC26742D-0846-4AE9-872A-32C7A6BD4CEA} = {774BB661-1A08-4012-9210-25DD5A8DB8EB}
	EndGlobalSection
	GlobalSection(ExtensibilityGlobals) = postSolution
		SolutionGuid = {63D0206D-E1A4-431A-87CD-3FD78FDA3D7F}
	EndGlobalSection
EndGlobal
